
Microsoft Visual Studio Solution File, Format Version 12.00
# Visual Studio 2012
Project("{FAE04EC0-301F-11D3-BF4B-00C04F79EFBC}") = "Converge", "Converge\Converge.csproj", "{7B11F24E-2505-46FF-AB0D-8E72B72F4974}"
EndProject
Project("{FAE04EC0-301F-11D3-BF4B-00C04F79EFBC}") = "WinFormsTest", "WinFormsTest\WinFormsTest.csproj", "{6C9EF09C-3EBB-4C9A-B4EF-B87FC26C41D3}"
EndProject
Project("{2150E333-8FDC-42A3-9474-1A3956D46DE8}") = "UI", "UI", "{E530DCD8-8D8E-4AD1-A9E5-217E919360C6}"
EndProject
Project("{2150E333-8FDC-42A3-9474-1A3956D46DE8}") = "NQ", "NQ", "{CCAF4ACE-9801-47D2-B375-A71124D503D1}"
EndProject
Project("{FAE04EC0-301F-11D3-BF4B-00C04F79EFBC}") = "TestTools", "TestTools\TestTools.csproj", "{8C31B5AD-5F05-4703-8E2E-DBF49D3E1841}"
EndProject
Project("{FAE04EC0-301F-11D3-BF4B-00C04F79EFBC}") = "NQ.Model", "NQ.Model\NQ.Model.csproj", "{D874E900-3AD8-4B2B-BFC1-035CCB8D5234}"
EndProject
Project("{FAE04EC0-301F-11D3-BF4B-00C04F79EFBC}") = "NQ.TestTools.TCons", "NQ.TestTools.Console\NQ.TestTools.TCons.csproj", "{676AA011-7920-4F13-9E62-6232B9FA1CD3}"
EndProject
Project("{FAE04EC0-301F-11D3-BF4B-00C04F79EFBC}") = "Converge.CentralMon", "Converge.CentralMon\Converge.CentralMon.csproj", "{A1244158-658C-4E64-805B-B3DA21C006C9}"
EndProject
Project("{FAE04EC0-301F-11D3-BF4B-00C04F79EFBC}") = "ConsoleClient", "ConsoleClient\ConsoleClient.csproj", "{25F131E9-3615-40C9-8A5A-6E253560F53B}"
EndProject
Global
	GlobalSection(SolutionConfigurationPlatforms) = preSolution
		Debug|Any CPU = Debug|Any CPU
		Release|Any CPU = Release|Any CPU
	EndGlobalSection
	GlobalSection(ProjectConfigurationPlatforms) = postSolution
		{7B11F24E-2505-46FF-AB0D-8E72B72F4974}.Debug|Any CPU.ActiveCfg = Debug|Any CPU
		{7B11F24E-2505-46FF-AB0D-8E72B72F4974}.Debug|Any CPU.Build.0 = Debug|Any CPU
		{7B11F24E-2505-46FF-AB0D-8E72B72F4974}.Release|Any CPU.ActiveCfg = Release|Any CPU
		{7B11F24E-2505-46FF-AB0D-8E72B72F4974}.Release|Any CPU.Build.0 = Release|Any CPU
		{6C9EF09C-3EBB-4C9A-B4EF-B87FC26C41D3}.Debug|Any CPU.ActiveCfg = Debug|Any CPU
		{6C9EF09C-3EBB-4C9A-B4EF-B87FC26C41D3}.Debug|Any CPU.Build.0 = Debug|Any CPU
		{6C9EF09C-3EBB-4C9A-B4EF-B87FC26C41D3}.Release|Any CPU.ActiveCfg = Release|Any CPU
		{6C9EF09C-3EBB-4C9A-B4EF-B87FC26C41D3}.Release|Any CPU.Build.0 = Release|Any CPU
		{8C31B5AD-5F05-4703-8E2E-DBF49D3E1841}.Debug|Any CPU.ActiveCfg = Debug|Any CPU
		{8C31B5AD-5F05-4703-8E2E-DBF49D3E1841}.Debug|Any CPU.Build.0 = Debug|Any CPU
		{8C31B5AD-5F05-4703-8E2E-DBF49D3E1841}.Release|Any CPU.ActiveCfg = Release|Any CPU
		{8C31B5AD-5F05-4703-8E2E-DBF49D3E1841}.Release|Any CPU.Build.0 = Release|Any CPU
		{D874E900-3AD8-4B2B-BFC1-035CCB8D5234}.Debug|Any CPU.ActiveCfg = Debug|Any CPU
		{D874E900-3AD8-4B2B-BFC1-035CCB8D5234}.Debug|Any CPU.Build.0 = Debug|Any CPU
		{D874E900-3AD8-4B2B-BFC1-035CCB8D5234}.Release|Any CPU.ActiveCfg = Release|Any CPU
		{D874E900-3AD8-4B2B-BFC1-035CCB8D5234}.Release|Any CPU.Build.0 = Release|Any CPU
		{676AA011-7920-4F13-9E62-6232B9FA1CD3}.Debug|Any CPU.ActiveCfg = Debug|Any CPU
		{676AA011-7920-4F13-9E62-6232B9FA1CD3}.Debug|Any CPU.Build.0 = Debug|Any CPU
		{676AA011-7920-4F13-9E62-6232B9FA1CD3}.Release|Any CPU.ActiveCfg = Release|Any CPU
		{676AA011-7920-4F13-9E62-6232B9FA1CD3}.Release|Any CPU.Build.0 = Release|Any CPU
		{A1244158-658C-4E64-805B-B3DA21C006C9}.Debug|Any CPU.ActiveCfg = Debug|Any CPU
		{A1244158-658C-4E64-805B-B3DA21C006C9}.Debug|Any CPU.Build.0 = Debug|Any CPU
		{A1244158-658C-4E64-805B-B3DA21C006C9}.Release|Any CPU.ActiveCfg = Release|Any CPU
		{A1244158-658C-4E64-805B-B3DA21C006C9}.Release|Any CPU.Build.0 = Release|Any CPU
		{25F131E9-3615-40C9-8A5A-6E253560F53B}.Debug|Any CPU.ActiveCfg = Debug|Any CPU
		{25F131E9-3615-40C9-8A5A-6E253560F53B}.Debug|Any CPU.Build.0 = Debug|Any CPU
		{25F131E9-3615-40C9-8A5A-6E253560F53B}.Release|Any CPU.ActiveCfg = Release|Any CPU
		{25F131E9-3615-40C9-8A5A-6E253560F53B}.Release|Any CPU.Build.0 = Release|Any CPU
	EndGlobalSection
	GlobalSection(SolutionProperties) = preSolution
		HideSolutionNode = FALSE
	EndGlobalSection
	GlobalSection(NestedProjects) = preSolution
		{6C9EF09C-3EBB-4C9A-B4EF-B87FC26C41D3} = {E530DCD8-8D8E-4AD1-A9E5-217E919360C6}
		{25F131E9-3615-40C9-8A5A-6E253560F53B} = {E530DCD8-8D8E-4AD1-A9E5-217E919360C6}
		{8C31B5AD-5F05-4703-8E2E-DBF49D3E1841} = {CCAF4ACE-9801-47D2-B375-A71124D503D1}
		{D874E900-3AD8-4B2B-BFC1-035CCB8D5234} = {CCAF4ACE-9801-47D2-B375-A71124D503D1}
		{676AA011-7920-4F13-9E62-6232B9FA1CD3} = {CCAF4ACE-9801-47D2-B375-A71124D503D1}
	EndGlobalSection
EndGlobal
