
Microsoft Visual Studio Solution File, Format Version 12.00
# Visual Studio 2012
Project("{FAE04EC0-301F-11D3-BF4B-00C04F79EFBC}") = "Converge", "Converge\Converge.csproj", "{7B11F24E-2505-46FF-AB0D-8E72B72F4974}"
EndProject
Project("{FAE04EC0-301F-11D3-BF4B-00C04F79EFBC}") = "WinFormsTest", "WinFormsTest\WinFormsTest.csproj", "{6C9EF09C-3EBB-4C9A-B4EF-B87FC26C41D3}"
EndProject
Project("{2150E333-8FDC-42A3-9474-1A3956D46DE8}") = "UI", "UI", "{E530DCD8-8D8E-4AD1-A9E5-217E919360C6}"
EndProject
Global
	GlobalSection(SolutionConfigurationPlatforms) = preSolution
		Debug|Any CPU = Debug|Any CPU
		Release|Any CPU = Release|Any CPU
	EndGlobalSection
	GlobalSection(ProjectConfigurationPlatforms) = postSolution
		{7B11F24E-2505-46FF-AB0D-8E72B72F4974}.Debug|Any CPU.ActiveCfg = Debug|Any CPU
		{7B11F24E-2505-46FF-AB0D-8E72B72F4974}.Debug|Any CPU.Build.0 = Debug|Any CPU
		{7B11F24E-2505-46FF-AB0D-8E72B72F4974}.Release|Any CPU.ActiveCfg = Release|Any CPU
		{7B11F24E-2505-46FF-AB0D-8E72B72F4974}.Release|Any CPU.Build.0 = Release|Any CPU
		{6C9EF09C-3EBB-4C9A-B4EF-B87FC26C41D3}.Debug|Any CPU.ActiveCfg = Debug|Any CPU
		{6C9EF09C-3EBB-4C9A-B4EF-B87FC26C41D3}.Debug|Any CPU.Build.0 = Debug|Any CPU
		{6C9EF09C-3EBB-4C9A-B4EF-B87FC26C41D3}.Release|Any CPU.ActiveCfg = Release|Any CPU
		{6C9EF09C-3EBB-4C9A-B4EF-B87FC26C41D3}.Release|Any CPU.Build.0 = Release|Any CPU
	EndGlobalSection
	GlobalSection(SolutionProperties) = preSolution
		HideSolutionNode = FALSE
	EndGlobalSection
	GlobalSection(NestedProjects) = preSolution
		{6C9EF09C-3EBB-4C9A-B4EF-B87FC26C41D3} = {E530DCD8-8D8E-4AD1-A9E5-217E919360C6}
	EndGlobalSection
EndGlobal
